
Microsoft Visual Studio Solution File, Format Version 12.00
# Visual Studio 15
VisualStudioVersion = 15.0.28010.2036
MinimumVisualStudioVersion = 10.0.40219.1
Project("{9A19103F-16F7-4668-BE54-9A1E7A4F7556}") = "TermFrequency", "TermFrequency\TermFrequency.csproj", "{26592962-BB7B-4D11-8CA0-5997F976B087}"
EndProject
Global
	GlobalSection(SolutionConfigurationPlatforms) = preSolution
		Debug|Any CPU = Debug|Any CPU
		Release|Any CPU = Release|Any CPU
	EndGlobalSection
	GlobalSection(ProjectConfigurationPlatforms) = postSolution
		{26592962-BB7B-4D11-8CA0-5997F976B087}.Debug|Any CPU.ActiveCfg = Debug|Any CPU
		{26592962-BB7B-4D11-8CA0-5997F976B087}.Debug|Any CPU.Build.0 = Debug|Any CPU
		{26592962-BB7B-4D11-8CA0-5997F976B087}.Release|Any CPU.ActiveCfg = Release|Any CPU
		{26592962-BB7B-4D11-8CA0-5997F976B087}.Release|Any CPU.Build.0 = Release|Any CPU
	EndGlobalSection
	GlobalSection(SolutionProperties) = preSolution
		HideSolutionNode = FALSE
	EndGlobalSection
	GlobalSection(ExtensibilityGlobals) = postSolution
		SolutionGuid = {CFF272C5-6758-4233-AD55-EBA6940388CB}
	EndGlobalSection
EndGlobal
